
Microsoft Visual Studio Solution File, Format Version 12.00
# Visual Studio Version 17
VisualStudioVersion = 17.0.31903.59
MinimumVisualStudioVersion = 10.0.40219.1
Project("{00D1A9C2-B5F0-4AF3-8072-F6C62B433612}") = "HotellApp", "HotellApp\HotellApp.sqlproj", "{71AA9590-CBEF-4335-BC03-3837E47017EC}"
EndProject
Project("{9A19103F-16F7-4668-BE54-9A1E7A4F7556}") = "HotelSite1", "HotelSite1\HotelSite1.csproj", "{45A60E6E-D2A2-46D0-8796-C2D53B09C805}"
EndProject
Project("{FAE04EC0-301F-11D3-BF4B-00C04F79EFBC}") = "MsTestProject", "MsTestProject\MsTestProject.csproj", "{2A86F696-9632-4F1D-A824-7E3CBA59743F}"
EndProject
Global
	GlobalSection(SolutionConfigurationPlatforms) = preSolution
		Debug|Any CPU = Debug|Any CPU
		Release|Any CPU = Release|Any CPU
	EndGlobalSection
	GlobalSection(ProjectConfigurationPlatforms) = postSolution
		{71AA9590-CBEF-4335-BC03-3837E47017EC}.Debug|Any CPU.ActiveCfg = Debug|Any CPU
		{71AA9590-CBEF-4335-BC03-3837E47017EC}.Debug|Any CPU.Build.0 = Debug|Any CPU
		{71AA9590-CBEF-4335-BC03-3837E47017EC}.Debug|Any CPU.Deploy.0 = Debug|Any CPU
		{71AA9590-CBEF-4335-BC03-3837E47017EC}.Release|Any CPU.ActiveCfg = Release|Any CPU
		{71AA9590-CBEF-4335-BC03-3837E47017EC}.Release|Any CPU.Build.0 = Release|Any CPU
		{71AA9590-CBEF-4335-BC03-3837E47017EC}.Release|Any CPU.Deploy.0 = Release|Any CPU
		{45A60E6E-D2A2-46D0-8796-C2D53B09C805}.Debug|Any CPU.ActiveCfg = Debug|Any CPU
		{45A60E6E-D2A2-46D0-8796-C2D53B09C805}.Debug|Any CPU.Build.0 = Debug|Any CPU
		{45A60E6E-D2A2-46D0-8796-C2D53B09C805}.Release|Any CPU.ActiveCfg = Release|Any CPU
		{45A60E6E-D2A2-46D0-8796-C2D53B09C805}.Release|Any CPU.Build.0 = Release|Any CPU
		{2A86F696-9632-4F1D-A824-7E3CBA59743F}.Debug|Any CPU.ActiveCfg = Debug|Any CPU
		{2A86F696-9632-4F1D-A824-7E3CBA59743F}.Debug|Any CPU.Build.0 = Debug|Any CPU
		{2A86F696-9632-4F1D-A824-7E3CBA59743F}.Release|Any CPU.ActiveCfg = Release|Any CPU
		{2A86F696-9632-4F1D-A824-7E3CBA59743F}.Release|Any CPU.Build.0 = Release|Any CPU
	EndGlobalSection
	GlobalSection(SolutionProperties) = preSolution
		HideSolutionNode = FALSE
	EndGlobalSection
	GlobalSection(ExtensibilityGlobals) = postSolution
		SolutionGuid = {F13638DC-C9C8-45B1-88D2-00443A4B24F0}
	EndGlobalSection
EndGlobal
