
Microsoft Visual Studio Solution File, Format Version 12.00
# Visual Studio Version 17
VisualStudioVersion = 17.0.31903.59
MinimumVisualStudioVersion = 10.0.40219.1
Project("{00D1A9C2-B5F0-4AF3-8072-F6C62B433612}") = "HotellApp", "HotellApp\HotellApp.sqlproj", "{71AA9590-CBEF-4335-BC03-3837E47017EC}"
EndProject
Project("{FAE04EC0-301F-11D3-BF4B-00C04F79EFBC}") = "HotelSite", "HotelSite\HotelSite.csproj", "{4D49F986-A350-4F82-9ECC-AD677EDE53AC}"
EndProject
Global
	GlobalSection(SolutionConfigurationPlatforms) = preSolution
		Debug|Any CPU = Debug|Any CPU
		Release|Any CPU = Release|Any CPU
	EndGlobalSection
	GlobalSection(ProjectConfigurationPlatforms) = postSolution
		{71AA9590-CBEF-4335-BC03-3837E47017EC}.Debug|Any CPU.ActiveCfg = Debug|Any CPU
		{71AA9590-CBEF-4335-BC03-3837E47017EC}.Debug|Any CPU.Build.0 = Debug|Any CPU
		{71AA9590-CBEF-4335-BC03-3837E47017EC}.Debug|Any CPU.Deploy.0 = Debug|Any CPU
		{71AA9590-CBEF-4335-BC03-3837E47017EC}.Release|Any CPU.ActiveCfg = Release|Any CPU
		{71AA9590-CBEF-4335-BC03-3837E47017EC}.Release|Any CPU.Build.0 = Release|Any CPU
		{71AA9590-CBEF-4335-BC03-3837E47017EC}.Release|Any CPU.Deploy.0 = Release|Any CPU
		{4D49F986-A350-4F82-9ECC-AD677EDE53AC}.Debug|Any CPU.ActiveCfg = Debug|Any CPU
		{4D49F986-A350-4F82-9ECC-AD677EDE53AC}.Debug|Any CPU.Build.0 = Debug|Any CPU
		{4D49F986-A350-4F82-9ECC-AD677EDE53AC}.Release|Any CPU.ActiveCfg = Release|Any CPU
		{4D49F986-A350-4F82-9ECC-AD677EDE53AC}.Release|Any CPU.Build.0 = Release|Any CPU
	EndGlobalSection
	GlobalSection(SolutionProperties) = preSolution
		HideSolutionNode = FALSE
	EndGlobalSection
	GlobalSection(ExtensibilityGlobals) = postSolution
		SolutionGuid = {F13638DC-C9C8-45B1-88D2-00443A4B24F0}
	EndGlobalSection
EndGlobal
